
Microsoft Visual Studio Solution File, Format Version 12.00
# Visual Studio Version 17
VisualStudioVersion = 17.9.34714.143
MinimumVisualStudioVersion = 10.0.40219.1
Project("{9A19103F-16F7-4668-BE54-9A1E7A4F7556}") = "CSOPS.DevChallenge", "CSOPS.DevChallenge.csproj", "{B6A53EE7-8925-4589-A44F-7F85D93FDAAC}"
EndProject
Global
	GlobalSection(SolutionConfigurationPlatforms) = preSolution
		Debug|Any CPU = Debug|Any CPU
		Release|Any CPU = Release|Any CPU
	EndGlobalSection
	GlobalSection(ProjectConfigurationPlatforms) = postSolution
		{B6A53EE7-8925-4589-A44F-7F85D93FDAAC}.Debug|Any CPU.ActiveCfg = Debug|Any CPU
		{B6A53EE7-8925-4589-A44F-7F85D93FDAAC}.Debug|Any CPU.Build.0 = Debug|Any CPU
		{B6A53EE7-8925-4589-A44F-7F85D93FDAAC}.Release|Any CPU.ActiveCfg = Release|Any CPU
		{B6A53EE7-8925-4589-A44F-7F85D93FDAAC}.Release|Any CPU.Build.0 = Release|Any CPU
	EndGlobalSection
	GlobalSection(SolutionProperties) = preSolution
		HideSolutionNode = FALSE
	EndGlobalSection
	GlobalSection(ExtensibilityGlobals) = postSolution
		SolutionGuid = {BB9765AF-364F-420E-9226-1AF509883E5C}
	EndGlobalSection
EndGlobal
